// !$*UTF8*$!
{
	archiveVersion = 1;
	classes = {
	};
	objectVersion = 46;
	objects = {

/* Begin PBXBuildFile section */
		0A65F8DA1BF8154E00A8A99E /* main.c in Sources */ = {isa = PBXBuildFile; fileRef = 0A65F8D91BF8154E00A8A99E /* main.c */; };
		0A65F8E71BF82DF200A8A99E /* passByReference.c in Sources */ = {isa = PBXBuildFile; fileRef = 0A65F8E51BF82DF200A8A99E /* passByReference.c */; };
/* End PBXBuildFile section */

/* Begin PBXCopyFilesBuildPhase section */
		0A65F8D41BF8154E00A8A99E /* CopyFiles */ = {
			isa = PBXCopyFilesBuildPhase;
			buildActionMask = 2147483647;
			dstPath = /usr/share/man/man1/;
			dstSubfolderSpec = 0;
			files = (
			);
			runOnlyForDeploymentPostprocessing = 1;
		};
/* End PBXCopyFilesBuildPhase section */

/* Begin PBXFileReference section */
		0A65F8D61BF8154E00A8A99E /* AddressesAndPointers */ = {isa = PBXFileReference; explicitFileType = "compiled.mach-o.executable"; includeInIndex = 0; path = AddressesAndPointers; sourceTree = BUILT_PRODUCTS_DIR; };
		0A65F8D91BF8154E00A8A99E /* main.c */ = {isa = PBXFileReference; lastKnownFileType = sourcecode.c.c; path = main.c; sourceTree = "<group>"; };
		0A65F8E51BF82DF200A8A99E /* passByReference.c */ = {isa = PBXFileReference; fileEncoding = 4; lastKnownFileType = sourcecode.c.c; path = passByReference.c; sourceTree = "<group>"; };
		0A65F8E61BF82DF200A8A99E /* passByReference.h */ = {isa = PBXFileReference; fileEncoding = 4; lastKnownFileType = sourcecode.c.h; path = passByReference.h; sourceTree = "<group>"; };
/* End PBXFileReference section */

/* Begin PBXFrameworksBuildPhase section */
		0A65F8D31BF8154E00A8A99E /* Frameworks */ = {
			isa = PBXFrameworksBuildPhase;
			buildActionMask = 2147483647;
			files = (
			);
			runOnlyForDeploymentPostprocessing = 0;
		};
/* End PBXFrameworksBuildPhase section */

/* Begin PBXGroup section */
		0A65F8CD1BF8154D00A8A99E = {
			isa = PBXGroup;
			children = (
				0A65F8D81BF8154E00A8A99E /* AddressesAndPointers */,
				0A65F8D71BF8154E00A8A99E /* Products */,
			);
			sourceTree = "<group>";
		};
		0A65F8D71BF8154E00A8A99E /* Products */ = {
			isa = PBXGroup;
			children = (
				0A65F8D61BF8154E00A8A99E /* AddressesAndPointers */,
			);
			name = Products;
			sourceTree = "<group>";
		};
		0A65F8D81BF8154E00A8A99E /* AddressesAndPointers */ = {
			isa = PBXGroup;
			children = (
				0A65F8D91BF8154E00A8A99E /* main.c */,
				0A65F8E51BF82DF200A8A99E /* passByReference.c */,
				0A65F8E61BF82DF200A8A99E /* passByReference.h */,
			);
			path = AddressesAndPointers;
			sourceTree = "<group>";
		};
/* End PBXGroup section */

/* Begin PBXNativeTarget section */
		0A65F8D51BF8154E00A8A99E /* AddressesAndPointers */ = {
			isa = PBXNativeTarget;
			buildConfigurationList = 0A65F8DD1BF8154E00A8A99E /* Build configuration list for PBXNativeTarget "AddressesAndPointers" */;
			buildPhases = (
				0A65F8D21BF8154E00A8A99E /* Sources */,
				0A65F8D31BF8154E00A8A99E /* Frameworks */,
				0A65F8D41BF8154E00A8A99E /* CopyFiles */,
			);
			buildRules = (
			);
			dependencies = (
			);
			name = AddressesAndPointers;
			productName = AddressesAndPointers;
			productReference = 0A65F8D61BF8154E00A8A99E /* AddressesAndPointers */;
			productType = "com.apple.product-type.tool";
		};
/* End PBXNativeTarget section */

/* Begin PBXProject section */
		0A65F8CE1BF8154D00A8A99E /* Project object */ = {
			isa = PBXProject;
			attributes = {
				LastUpgradeCheck = 0710;
				ORGANIZATIONNAME = Antony;
				TargetAttributes = {
					0A65F8D51BF8154E00A8A99E = {
						CreatedOnToolsVersion = 7.1;
					};
				};
			};
			buildConfigurationList = 0A65F8D11BF8154D00A8A99E /* Build configuration list for PBXProject "AddressesAndPointers" */;
			compatibilityVersion = "Xcode 3.2";
			developmentRegion = English;
			hasScannedForEncodings = 0;
			knownRegions = (
				en,
			);
			mainGroup = 0A65F8CD1BF8154D00A8A99E;
			productRefGroup = 0A65F8D71BF8154E00A8A99E /* Products */;
			projectDirPath = "";
			projectRoot = "";
			targets = (
				0A65F8D51BF8154E00A8A99E /* AddressesAndPointers */,
			);
		};
/* End PBXProject section */

/* Begin PBXSourcesBuildPhase section */
		0A65F8D21BF8154E00A8A99E /* Sources */ = {
			isa = PBXSourcesBuildPhase;
			buildActionMask = 2147483647;
			files = (
				0A65F8DA1BF8154E00A8A99E /* main.c in Sources */,
				0A65F8E71BF82DF200A8A99E /* passByReference.c in Sources */,
			);
			runOnlyForDeploymentPostprocessing = 0;
		};
/* End PBXSourcesBuildPhase section */

/* Begin XCBuildConfiguration section */
		0A65F8DB1BF8154E00A8A99E /* Debug */ = {
			isa = XCBuildConfiguration;
			buildSettings = {
				ALWAYS_SEARCH_USER_PATHS = NO;
				CLANG_CXX_LANGUAGE_STANDARD = "gnu++0x";
				CLANG_CXX_LIBRARY = "libc++";
				CLANG_ENABLE_MODULES = YES;
				CLANG_ENABLE_OBJC_ARC = YES;
				CLANG_WARN_BOOL_CONVERSION = YES;
				CLANG_WARN_CONSTANT_CONVERSION = YES;
				CLANG_WARN_DIRECT_OBJC_ISA_USAGE = YES_ERROR;
				CLANG_WARN_EMPTY_BODY = YES;
				CLANG_WARN_ENUM_CONVERSION = YES;
				CLANG_WARN_INT_CONVERSION = YES;
				CLANG_WARN_OBJC_ROOT_CLASS = YES_ERROR;
				CLANG_WARN_UNREACHABLE_CODE = YES;
				CLANG_WARN__DUPLICATE_METHOD_MATCH = YES;
				CODE_SIGN_IDENTITY = "-";
				COPY_PHASE_STRIP = NO;
				DEBUG_INFORMATION_FORMAT = dwarf;
				ENABLE_STRICT_OBJC_MSGSEND = YES;
				ENABLE_TESTABILITY = YES;
				GCC_C_LANGUAGE_STANDARD = gnu99;
				GCC_DYNAMIC_NO_PIC = NO;
				GCC_NO_COMMON_BLOCKS = YES;
				GCC_OPTIMIZATION_LEVEL = 0;
				GCC_PREPROCESSOR_DEFINITIONS = (
					"DEBUG=1",
					"$(inherited)",
				);
				GCC_WARN_64_TO_32_BIT_CONVERSION = YES;
				GCC_WARN_ABOUT_RETURN_TYPE = YES_ERROR;
				GCC_WARN_UNDECLARED_SELECTOR = YES;
				GCC_WARN_UNINITIALIZED_AUTOS = YES_AGGRESSIVE;
				GCC_WARN_UNUSED_FUNCTION = YES;
				GCC_WARN_UNUSED_VARIABLE = YES;
				MACOSX_DEPLOYMENT_TARGET = 10.11;
				MTL_ENABLE_DEBUG_INFO = YES;
				ONLY_ACTIVE_ARCH = YES;
				SDKROOT = macosx;
			};
			name = Debug;
		};
		0A65F8DC1BF8154E00A8A99E /* Release */ = {
			isa = XCBuildConfiguration;
			buildSettings = {
				ALWAYS_SEARCH_USER_PATHS = NO;
				CLANG_CXX_LANGUAGE_STANDARD = "gnu++0x";
				CLANG_CXX_LIBRARY = "libc++";
				CLANG_ENABLE_MODULES = YES;
				CLANG_ENABLE_OBJC_ARC = YES;
				CLANG_WARN_BOOL_CONVERSION = YES;
				CLANG_WARN_CONSTANT_CONVERSION = YES;
				CLANG_WARN_DIRECT_OBJC_ISA_USAGE = YES_ERROR;
				CLANG_WARN_EMPTY_BODY = YES;
				CLANG_WARN_ENUM_CONVERSION = YES;
				CLANG_WARN_INT_CONVERSION = YES;
				CLANG_WARN_OBJC_ROOT_CLASS = YES_ERROR;
				CLANG_WARN_UNREACHABLE_CODE = YES;
				CLANG_WARN__DUPLICATE_METHOD_MATCH = YES;
				CODE_SIGN_IDENTITY = "-";
				COPY_PHASE_STRIP = NO;
				DEBUG_INFORMATION_FORMAT = "dwarf-with-dsym";
				ENABLE_NS_ASSERTIONS = NO;
				ENABLE_STRICT_OBJC_MSGSEND = YES;
				GCC_C_LANGUAGE_STANDARD = gnu99;
				GCC_NO_COMMON_BLOCKS = YES;
				GCC_WARN_64_TO_32_BIT_CONVERSION = YES;
				GCC_WARN_ABOUT_RETURN_TYPE = YES_ERROR;
				GCC_WARN_UNDECLARED_SELECTOR = YES;
				GCC_WARN_UNINITIALIZED_AUTOS = YES_AGGRESSIVE;
				GCC_WARN_UNUSED_FUNCTION = YES;
				GCC_WARN_UNUSED_VARIABLE = YES;
				MACOSX_DEPLOYMENT_TARGET = 10.11;
				MTL_ENABLE_DEBUG_INFO = NO;
				SDKROOT = macosx;
			};
			name = Release;
		};
		0A65F8DE1BF8154E00A8A99E /* Debug */ = {
			isa = XCBuildConfiguration;
			buildSettings = {
				PRODUCT_NAME = "$(TARGET_NAME)";
			};
			name = Debug;
		};
		0A65F8DF1BF8154E00A8A99E /* Release */ = {
			isa = XCBuildConfiguration;
			buildSettings = {
				PRODUCT_NAME = "$(TARGET_NAME)";
			};
			name = Release;
		};
/* End XCBuildConfiguration section */

/* Begin XCConfigurationList section */
		0A65F8D11BF8154D00A8A99E /* Build configuration list for PBXProject "AddressesAndPointers" */ = {
			isa = XCConfigurationList;
			buildConfigurations = (
				0A65F8DB1BF8154E00A8A99E /* Debug */,
				0A65F8DC1BF8154E00A8A99E /* Release */,
			);
			defaultConfigurationIsVisible = 0;
			defaultConfigurationName = Release;
		};
		0A65F8DD1BF8154E00A8A99E /* Build configuration list for PBXNativeTarget "AddressesAndPointers" */ = {
			isa = XCConfigurationList;
			buildConfigurations = (
				0A65F8DE1BF8154E00A8A99E /* Debug */,
				0A65F8DF1BF8154E00A8A99E /* Release */,
			);
			defaultConfigurationIsVisible = 0;
		};
/* End XCConfigurationList section */
	};
	rootObject = 0A65F8CE1BF8154D00A8A99E /* Project object */;
}
